
Microsoft Visual Studio Solution File, Format Version 12.00
# Visual Studio Version 17
VisualStudioVersion = 17.0.31903.59
MinimumVisualStudioVersion = 10.0.40219.1
Project("{FAE04EC0-301F-11D3-BF4B-00C04F79EFBC}") = "KafkaProducer.Api", "KafkaProducer.Api\KafkaProducer.Api.csproj", "{73D106AE-6A13-47B6-84D2-0014CBC49C15}"
EndProject
Project("{FAE04EC0-301F-11D3-BF4B-00C04F79EFBC}") = "KafkaConsumer.Service", "KafkaConsumer.Service\KafkaConsumer.Service.csproj", "{C4A7D379-60B9-4617-8AD8-620501C4F432}"
EndProject
Project("{FAE04EC0-301F-11D3-BF4B-00C04F79EFBC}") = "Kafka.Common", "Kafka.Common\Kafka.Common.csproj", "{243F2ECC-F4F8-442B-9C70-54D4C11B9735}"
EndProject
Project("{FAE04EC0-301F-11D3-BF4B-00C04F79EFBC}") = "Build", "build\Build.csproj", "{A1B2C3D4-E5F6-7890-ABCD-EF1234567890}"
EndProject
Global
	GlobalSection(SolutionConfigurationPlatforms) = preSolution
		Debug|Any CPU = Debug|Any CPU
		Release|Any CPU = Release|Any CPU
	EndGlobalSection
	GlobalSection(SolutionProperties) = preSolution
		HideSolutionNode = FALSE
	EndGlobalSection
	GlobalSection(ProjectConfigurationPlatforms) = postSolution
		{73D106AE-6A13-47B6-84D2-0014CBC49C15}.Debug|Any CPU.ActiveCfg = Debug|Any CPU
		{73D106AE-6A13-47B6-84D2-0014CBC49C15}.Debug|Any CPU.Build.0 = Debug|Any CPU
		{73D106AE-6A13-47B6-84D2-0014CBC49C15}.Release|Any CPU.ActiveCfg = Release|Any CPU
		{73D106AE-6A13-47B6-84D2-0014CBC49C15}.Release|Any CPU.Build.0 = Release|Any CPU
		{C4A7D379-60B9-4617-8AD8-620501C4F432}.Debug|Any CPU.ActiveCfg = Debug|Any CPU
		{C4A7D379-60B9-4617-8AD8-620501C4F432}.Debug|Any CPU.Build.0 = Debug|Any CPU
		{C4A7D379-60B9-4617-8AD8-620501C4F432}.Release|Any CPU.ActiveCfg = Release|Any CPU
		{C4A7D379-60B9-4617-8AD8-620501C4F432}.Release|Any CPU.Build.0 = Release|Any CPU
		{243F2ECC-F4F8-442B-9C70-54D4C11B9735}.Debug|Any CPU.ActiveCfg = Debug|Any CPU
		{243F2ECC-F4F8-442B-9C70-54D4C11B9735}.Debug|Any CPU.Build.0 = Debug|Any CPU
		{243F2ECC-F4F8-442B-9C70-54D4C11B9735}.Release|Any CPU.ActiveCfg = Release|Any CPU
		{243F2ECC-F4F8-442B-9C70-54D4C11B9735}.Release|Any CPU.Build.0 = Release|Any CPU
		{A1B2C3D4-E5F6-7890-ABCD-EF1234567890}.Debug|Any CPU.ActiveCfg = Debug|Any CPU
		{A1B2C3D4-E5F6-7890-ABCD-EF1234567890}.Release|Any CPU.ActiveCfg = Release|Any CPU
	EndGlobalSection
EndGlobal